
Microsoft Visual Studio Solution File, Format Version 12.00
# Visual Studio Version 17
VisualStudioVersion = 17.2.32616.157
MinimumVisualStudioVersion = 10.0.40219.1
Project("{FAE04EC0-301F-11D3-BF4B-00C04F79EFBC}") = "ProjectAss", "ProjectAss\ProjectAss.csproj", "{E3948A2A-BD90-4843-88DE-E10274636006}"
EndProject
Global
	GlobalSection(SolutionConfigurationPlatforms) = preSolution
		Debug|Any CPU = Debug|Any CPU
		Release|Any CPU = Release|Any CPU
	EndGlobalSection
	GlobalSection(ProjectConfigurationPlatforms) = postSolution
		{E3948A2A-BD90-4843-88DE-E10274636006}.Debug|Any CPU.ActiveCfg = Debug|Any CPU
		{E3948A2A-BD90-4843-88DE-E10274636006}.Debug|Any CPU.Build.0 = Debug|Any CPU
		{E3948A2A-BD90-4843-88DE-E10274636006}.Release|Any CPU.ActiveCfg = Release|Any CPU
		{E3948A2A-BD90-4843-88DE-E10274636006}.Release|Any CPU.Build.0 = Release|Any CPU
	EndGlobalSection
	GlobalSection(SolutionProperties) = preSolution
		HideSolutionNode = FALSE
	EndGlobalSection
	GlobalSection(ExtensibilityGlobals) = postSolution
		SolutionGuid = {72859D0D-C9B4-4529-A65A-3826F506F8AE}
	EndGlobalSection
EndGlobal
